// !$*UTF8*$!
{
	archiveVersion = 1;
	classes = {
	};
	objectVersion = 46;
	objects = {

/* Begin PBXBuildFile section */
		994A97B31A42769200EEA677 /* main.m in Sources */ = {isa = PBXBuildFile; fileRef = 994A97B21A42769200EEA677 /* main.m */; };
		994A97B61A42769200EEA677 /* AppDelegate.m in Sources */ = {isa = PBXBuildFile; fileRef = 994A97B51A42769200EEA677 /* AppDelegate.m */; };
		994A97B91A42769200EEA677 /* ViewController.m in Sources */ = {isa = PBXBuildFile; fileRef = 994A97B81A42769200EEA677 /* ViewController.m */; };
		994A97BC1A42769200EEA677 /* Main.storyboard in Resources */ = {isa = PBXBuildFile; fileRef = 994A97BA1A42769200EEA677 /* Main.storyboard */; };
		994A97BE1A42769200EEA677 /* Images.xcassets in Resources */ = {isa = PBXBuildFile; fileRef = 994A97BD1A42769200EEA677 /* Images.xcassets */; };
		994A97C11A42769200EEA677 /* LaunchScreen.xib in Resources */ = {isa = PBXBuildFile; fileRef = 994A97BF1A42769200EEA677 /* LaunchScreen.xib */; };
		994A97D91A42770E00EEA677 /* KeychainHelper.m in Sources */ = {isa = PBXBuildFile; fileRef = 994A97D81A42770E00EEA677 /* KeychainHelper.m */; };
		994A97DC1A42806900EEA677 /* KeychainIDFA.m in Sources */ = {isa = PBXBuildFile; fileRef = 994A97DB1A42806900EEA677 /* KeychainIDFA.m */; };
/* End PBXBuildFile section */

/* Begin PBXFileReference section */
		994A97AD1A42769200EEA677 /* KeychainIDFA.app */ = {isa = PBXFileReference; explicitFileType = wrapper.application; includeInIndex = 0; path = KeychainIDFA.app; sourceTree = BUILT_PRODUCTS_DIR; };
		994A97B11A42769200EEA677 /* Info.plist */ = {isa = PBXFileReference; lastKnownFileType = text.plist.xml; path = Info.plist; sourceTree = "<group>"; };
		994A97B21A42769200EEA677 /* main.m */ = {isa = PBXFileReference; lastKnownFileType = sourcecode.c.objc; path = main.m; sourceTree = "<group>"; };
		994A97B41A42769200EEA677 /* AppDelegate.h */ = {isa = PBXFileReference; lastKnownFileType = sourcecode.c.h; path = AppDelegate.h; sourceTree = "<group>"; };
		994A97B51A42769200EEA677 /* AppDelegate.m */ = {isa = PBXFileReference; lastKnownFileType = sourcecode.c.objc; path = AppDelegate.m; sourceTree = "<group>"; };
		994A97B71A42769200EEA677 /* ViewController.h */ = {isa = PBXFileReference; lastKnownFileType = sourcecode.c.h; path = ViewController.h; sourceTree = "<group>"; };
		994A97B81A42769200EEA677 /* ViewController.m */ = {isa = PBXFileReference; lastKnownFileType = sourcecode.c.objc; path = ViewController.m; sourceTree = "<group>"; };
		994A97BB1A42769200EEA677 /* Base */ = {isa = PBXFileReference; lastKnownFileType = file.storyboard; name = Base; path = Base.lproj/Main.storyboard; sourceTree = "<group>"; };
		994A97BD1A42769200EEA677 /* Images.xcassets */ = {isa = PBXFileReference; lastKnownFileType = folder.assetcatalog; path = Images.xcassets; sourceTree = "<group>"; };
		994A97C01A42769200EEA677 /* Base */ = {isa = PBXFileReference; lastKnownFileType = file.xib; name = Base; path = Base.lproj/LaunchScreen.xib; sourceTree = "<group>"; };
		994A97D71A42770E00EEA677 /* KeychainHelper.h */ = {isa = PBXFileReference; fileEncoding = 4; lastKnownFileType = sourcecode.c.h; path = KeychainHelper.h; sourceTree = "<group>"; };
		994A97D81A42770E00EEA677 /* KeychainHelper.m */ = {isa = PBXFileReference; fileEncoding = 4; lastKnownFileType = sourcecode.c.objc; path = KeychainHelper.m; sourceTree = "<group>"; };
		994A97DA1A42806900EEA677 /* KeychainIDFA.h */ = {isa = PBXFileReference; fileEncoding = 4; lastKnownFileType = sourcecode.c.h; path = KeychainIDFA.h; sourceTree = "<group>"; };
		994A97DB1A42806900EEA677 /* KeychainIDFA.m */ = {isa = PBXFileReference; fileEncoding = 4; lastKnownFileType = sourcecode.c.objc; path = KeychainIDFA.m; sourceTree = "<group>"; };
/* End PBXFileReference section */

/* Begin PBXFrameworksBuildPhase section */
		994A97AA1A42769200EEA677 /* Frameworks */ = {
			isa = PBXFrameworksBuildPhase;
			buildActionMask = 2147483647;
			files = (
			);
			runOnlyForDeploymentPostprocessing = 0;
		};
/* End PBXFrameworksBuildPhase section */

/* Begin PBXGroup section */
		994A97A41A42769200EEA677 = {
			isa = PBXGroup;
			children = (
				994A97AF1A42769200EEA677 /* KeychainIDFA */,
				994A97AE1A42769200EEA677 /* Products */,
			);
			sourceTree = "<group>";
		};
		994A97AE1A42769200EEA677 /* Products */ = {
			isa = PBXGroup;
			children = (
				994A97AD1A42769200EEA677 /* KeychainIDFA.app */,
			);
			name = Products;
			sourceTree = "<group>";
		};
		994A97AF1A42769200EEA677 /* KeychainIDFA */ = {
			isa = PBXGroup;
			children = (
				994A97D61A4276ED00EEA677 /* KeychainIDFA */,
				994A97B41A42769200EEA677 /* AppDelegate.h */,
				994A97B51A42769200EEA677 /* AppDelegate.m */,
				994A97B71A42769200EEA677 /* ViewController.h */,
				994A97B81A42769200EEA677 /* ViewController.m */,
				994A97BA1A42769200EEA677 /* Main.storyboard */,
				994A97BD1A42769200EEA677 /* Images.xcassets */,
				994A97BF1A42769200EEA677 /* LaunchScreen.xib */,
				994A97B01A42769200EEA677 /* Supporting Files */,
			);
			path = KeychainIDFA;
			sourceTree = "<group>";
		};
		994A97B01A42769200EEA677 /* Supporting Files */ = {
			isa = PBXGroup;
			children = (
				994A97B11A42769200EEA677 /* Info.plist */,
				994A97B21A42769200EEA677 /* main.m */,
			);
			name = "Supporting Files";
			sourceTree = "<group>";
		};
		994A97D61A4276ED00EEA677 /* KeychainIDFA */ = {
			isa = PBXGroup;
			children = (
				994A97D71A42770E00EEA677 /* KeychainHelper.h */,
				994A97D81A42770E00EEA677 /* KeychainHelper.m */,
				994A97DA1A42806900EEA677 /* KeychainIDFA.h */,
				994A97DB1A42806900EEA677 /* KeychainIDFA.m */,
			);
			path = KeychainIDFA;
			sourceTree = "<group>";
		};
/* End PBXGroup section */

/* Begin PBXNativeTarget section */
		994A97AC1A42769200EEA677 /* KeychainIDFA */ = {
			isa = PBXNativeTarget;
			buildConfigurationList = 994A97D01A42769200EEA677 /* Build configuration list for PBXNativeTarget "KeychainIDFA" */;
			buildPhases = (
				994A97A91A42769200EEA677 /* Sources */,
				994A97AA1A42769200EEA677 /* Frameworks */,
				994A97AB1A42769200EEA677 /* Resources */,
			);
			buildRules = (
			);
			dependencies = (
			);
			name = KeychainIDFA;
			productName = KeychainIDFA;
			productReference = 994A97AD1A42769200EEA677 /* KeychainIDFA.app */;
			productType = "com.apple.product-type.application";
		};
/* End PBXNativeTarget section */

/* Begin PBXProject section */
		994A97A51A42769200EEA677 /* Project object */ = {
			isa = PBXProject;
			attributes = {
				LastUpgradeCheck = 0610;
				ORGANIZATIONNAME = Qixin;
				TargetAttributes = {
					994A97AC1A42769200EEA677 = {
						CreatedOnToolsVersion = 6.1.1;
					};
				};
			};
			buildConfigurationList = 994A97A81A42769200EEA677 /* Build configuration list for PBXProject "KeychainIDFA" */;
			compatibilityVersion = "Xcode 3.2";
			developmentRegion = English;
			hasScannedForEncodings = 0;
			knownRegions = (
				en,
				Base,
			);
			mainGroup = 994A97A41A42769200EEA677;
			productRefGroup = 994A97AE1A42769200EEA677 /* Products */;
			projectDirPath = "";
			projectRoot = "";
			targets = (
				994A97AC1A42769200EEA677 /* KeychainIDFA */,
			);
		};
/* End PBXProject section */

/* Begin PBXResourcesBuildPhase section */
		994A97AB1A42769200EEA677 /* Resources */ = {
			isa = PBXResourcesBuildPhase;
			buildActionMask = 2147483647;
			files = (
				994A97BC1A42769200EEA677 /* Main.storyboard in Resources */,
				994A97C11A42769200EEA677 /* LaunchScreen.xib in Resources */,
				994A97BE1A42769200EEA677 /* Images.xcassets in Resources */,
			);
			runOnlyForDeploymentPostprocessing = 0;
		};
/* End PBXResourcesBuildPhase section */

/* Begin PBXSourcesBuildPhase section */
		994A97A91A42769200EEA677 /* Sources */ = {
			isa = PBXSourcesBuildPhase;
			buildActionMask = 2147483647;
			files = (
				994A97B91A42769200EEA677 /* ViewController.m in Sources */,
				994A97B61A42769200EEA677 /* AppDelegate.m in Sources */,
				994A97B31A42769200EEA677 /* main.m in Sources */,
				994A97D91A42770E00EEA677 /* KeychainHelper.m in Sources */,
				994A97DC1A42806900EEA677 /* KeychainIDFA.m in Sources */,
			);
			runOnlyForDeploymentPostprocessing = 0;
		};
/* End PBXSourcesBuildPhase section */

/* Begin PBXVariantGroup section */
		994A97BA1A42769200EEA677 /* Main.storyboard */ = {
			isa = PBXVariantGroup;
			children = (
				994A97BB1A42769200EEA677 /* Base */,
			);
			name = Main.storyboard;
			sourceTree = "<group>";
		};
		994A97BF1A42769200EEA677 /* LaunchScreen.xib */ = {
			isa = PBXVariantGroup;
			children = (
				994A97C01A42769200EEA677 /* Base */,
			);
			name = LaunchScreen.xib;
			sourceTree = "<group>";
		};
/* End PBXVariantGroup section */

/* Begin XCBuildConfiguration section */
		994A97CE1A42769200EEA677 /* Debug */ = {
			isa = XCBuildConfiguration;
			buildSettings = {
				ALWAYS_SEARCH_USER_PATHS = NO;
				CLANG_CXX_LANGUAGE_STANDARD = "gnu++0x";
				CLANG_CXX_LIBRARY = "libc++";
				CLANG_ENABLE_MODULES = YES;
				CLANG_ENABLE_OBJC_ARC = YES;
				CLANG_WARN_BOOL_CONVERSION = YES;
				CLANG_WARN_CONSTANT_CONVERSION = YES;
				CLANG_WARN_DIRECT_OBJC_ISA_USAGE = YES_ERROR;
				CLANG_WARN_EMPTY_BODY = YES;
				CLANG_WARN_ENUM_CONVERSION = YES;
				CLANG_WARN_INT_CONVERSION = YES;
				CLANG_WARN_OBJC_ROOT_CLASS = YES_ERROR;
				CLANG_WARN_UNREACHABLE_CODE = YES;
				CLANG_WARN__DUPLICATE_METHOD_MATCH = YES;
				"CODE_SIGN_IDENTITY[sdk=iphoneos*]" = "iPhone Developer";
				COPY_PHASE_STRIP = NO;
				ENABLE_STRICT_OBJC_MSGSEND = YES;
				GCC_C_LANGUAGE_STANDARD = gnu99;
				GCC_DYNAMIC_NO_PIC = NO;
				GCC_OPTIMIZATION_LEVEL = 0;
				GCC_PREPROCESSOR_DEFINITIONS = (
					"DEBUG=1",
					"$(inherited)",
				);
				GCC_SYMBOLS_PRIVATE_EXTERN = NO;
				GCC_WARN_64_TO_32_BIT_CONVERSION = YES;
				GCC_WARN_ABOUT_RETURN_TYPE = YES_ERROR;
				GCC_WARN_UNDECLARED_SELECTOR = YES;
				GCC_WARN_UNINITIALIZED_AUTOS = YES_AGGRESSIVE;
				GCC_WARN_UNUSED_FUNCTION = YES;
				GCC_WARN_UNUSED_VARIABLE = YES;
				IPHONEOS_DEPLOYMENT_TARGET = 6.0;
				MTL_ENABLE_DEBUG_INFO = YES;
				ONLY_ACTIVE_ARCH = YES;
				SDKROOT = iphoneos;
			};
			name = Debug;
		};
		994A97CF1A42769200EEA677 /* Release */ = {
			isa = XCBuildConfiguration;
			buildSettings = {
				ALWAYS_SEARCH_USER_PATHS = NO;
				CLANG_CXX_LANGUAGE_STANDARD = "gnu++0x";
				CLANG_CXX_LIBRARY = "libc++";
				CLANG_ENABLE_MODULES = YES;
				CLANG_ENABLE_OBJC_ARC = YES;
				CLANG_WARN_BOOL_CONVERSION = YES;
				CLANG_WARN_CONSTANT_CONVERSION = YES;
				CLANG_WARN_DIRECT_OBJC_ISA_USAGE = YES_ERROR;
				CLANG_WARN_EMPTY_BODY = YES;
				CLANG_WARN_ENUM_CONVERSION = YES;
				CLANG_WARN_INT_CONVERSION = YES;
				CLANG_WARN_OBJC_ROOT_CLASS = YES_ERROR;
				CLANG_WARN_UNREACHABLE_CODE = YES;
				CLANG_WARN__DUPLICATE_METHOD_MATCH = YES;
				"CODE_SIGN_IDENTITY[sdk=iphoneos*]" = "iPhone Developer";
				COPY_PHASE_STRIP = YES;
				ENABLE_NS_ASSERTIONS = NO;
				ENABLE_STRICT_OBJC_MSGSEND = YES;
				GCC_C_LANGUAGE_STANDARD = gnu99;
				GCC_WARN_64_TO_32_BIT_CONVERSION = YES;
				GCC_WARN_ABOUT_RETURN_TYPE = YES_ERROR;
				GCC_WARN_UNDECLARED_SELECTOR = YES;
				GCC_WARN_UNINITIALIZED_AUTOS = YES_AGGRESSIVE;
				GCC_WARN_UNUSED_FUNCTION = YES;
				GCC_WARN_UNUSED_VARIABLE = YES;
				IPHONEOS_DEPLOYMENT_TARGET = 6.0;
				MTL_ENABLE_DEBUG_INFO = NO;
				SDKROOT = iphoneos;
				VALIDATE_PRODUCT = YES;
			};
			name = Release;
		};
		994A97D11A42769200EEA677 /* Debug */ = {
			isa = XCBuildConfiguration;
			buildSettings = {
				ASSETCATALOG_COMPILER_APPICON_NAME = AppIcon;
				INFOPLIST_FILE = KeychainIDFA/Info.plist;
				LD_RUNPATH_SEARCH_PATHS = "$(inherited) @executable_path/Frameworks";
				PRODUCT_NAME = "$(TARGET_NAME)";
			};
			name = Debug;
		};
		994A97D21A42769200EEA677 /* Release */ = {
			isa = XCBuildConfiguration;
			buildSettings = {
				ASSETCATALOG_COMPILER_APPICON_NAME = AppIcon;
				INFOPLIST_FILE = KeychainIDFA/Info.plist;
				LD_RUNPATH_SEARCH_PATHS = "$(inherited) @executable_path/Frameworks";
				PRODUCT_NAME = "$(TARGET_NAME)";
			};
			name = Release;
		};
/* End XCBuildConfiguration section */

/* Begin XCConfigurationList section */
		994A97A81A42769200EEA677 /* Build configuration list for PBXProject "KeychainIDFA" */ = {
			isa = XCConfigurationList;
			buildConfigurations = (
				994A97CE1A42769200EEA677 /* Debug */,
				994A97CF1A42769200EEA677 /* Release */,
			);
			defaultConfigurationIsVisible = 0;
			defaultConfigurationName = Release;
		};
		994A97D01A42769200EEA677 /* Build configuration list for PBXNativeTarget "KeychainIDFA" */ = {
			isa = XCConfigurationList;
			buildConfigurations = (
				994A97D11A42769200EEA677 /* Debug */,
				994A97D21A42769200EEA677 /* Release */,
			);
			defaultConfigurationIsVisible = 0;
		};
/* End XCConfigurationList section */
	};
	rootObject = 994A97A51A42769200EEA677 /* Project object */;
}
